
Microsoft Visual Studio Solution File, Format Version 12.00
# Visual Studio 15
VisualStudioVersion = 15.0.27703.2018
MinimumVisualStudioVersion = 10.0.40219.1
Project("{9A19103F-16F7-4668-BE54-9A1E7A4F7556}") = "1 PartyInvites", "PartyInvites\1 PartyInvites.csproj", "{F2E00F6B-7C41-46BC-A7C3-4FA6609DFAE0}"
EndProject
Project("{9A19103F-16F7-4668-BE54-9A1E7A4F7556}") = "2 LanguageFeatures", "LanguageFeatures\2 LanguageFeatures.csproj", "{4417B186-AEFF-4349-A73E-19D3BE6A1728}"
EndProject
Project("{9A19103F-16F7-4668-BE54-9A1E7A4F7556}") = "3 Razor", "Razor\3 Razor.csproj", "{80AB1461-CB93-4050-A8F5-1684767452C7}"
EndProject
Project("{9A19103F-16F7-4668-BE54-9A1E7A4F7556}") = "4 WorkingWithVisualStudio", "WorkingWithVisualStudio\4 WorkingWithVisualStudio.csproj", "{2B71348E-82C6-4AEA-AD14-BCE417982ECE}"
EndProject
Project("{9A19103F-16F7-4668-BE54-9A1E7A4F7556}") = "5 WorkingWithVisualStudio.Tests", "WorkingWithVisualStudio.Tests\5 WorkingWithVisualStudio.Tests.csproj", "{316B7091-45A9-4A0E-9041-A4A2D095AF61}"
EndProject
Project("{9A19103F-16F7-4668-BE54-9A1E7A4F7556}") = "SportsStore", "SportsStore\SportsStore.csproj", "{688A0E2A-1140-4C51-BAEB-B5E43AA20213}"
EndProject
Project("{9A19103F-16F7-4668-BE54-9A1E7A4F7556}") = "SportsStore.Tests", "SportsStore.Tests\SportsStore.Tests.csproj", "{8EA84416-CD7E-4E2B-AF04-9A6E227BAF37}"
EndProject
Project("{9A19103F-16F7-4668-BE54-9A1E7A4F7556}") = "6 ConfiguringApps", "6 ConfiguringApps\6 ConfiguringApps.csproj", "{1F34B1E9-E0B6-4E25-9E87-CDAD9CE7C550}"
EndProject
Project("{9A19103F-16F7-4668-BE54-9A1E7A4F7556}") = "7 UrlsAndRoutes", "UrlsAndRoutes\7 UrlsAndRoutes.csproj", "{BF00409A-00DA-4C0E-9AFE-E725BFAE5FAD}"
EndProject
Project("{9A19103F-16F7-4668-BE54-9A1E7A4F7556}") = "8 ControllersAndActions", "8 ControllersAndActions\8 ControllersAndActions.csproj", "{57FC2F34-E4EF-405D-8430-6CF289B116E8}"
EndProject
Project("{9A19103F-16F7-4668-BE54-9A1E7A4F7556}") = "9 ControllersAndActions.Tests", "ControllersAndActions.Tests\9 ControllersAndActions.Tests.csproj", "{3AC23B90-E5D0-4A12-9803-89840C75C303}"
EndProject
Project("{9A19103F-16F7-4668-BE54-9A1E7A4F7556}") = "DependencyInjection", "DependencyInjection\DependencyInjection.csproj", "{92B9BF6F-731B-4981-9A7B-5D77016DC7F5}"
EndProject
Project("{FAE04EC0-301F-11D3-BF4B-00C04F79EFBC}") = "DependencyInjection.Tests", "DependencyInjection.Tests\DependencyInjection.Tests.csproj", "{C12C2A49-32D6-4D7E-8A1C-DD7D84986954}"
EndProject
Global
	GlobalSection(SolutionConfigurationPlatforms) = preSolution
		Debug|Any CPU = Debug|Any CPU
		Release|Any CPU = Release|Any CPU
	EndGlobalSection
	GlobalSection(ProjectConfigurationPlatforms) = postSolution
		{F2E00F6B-7C41-46BC-A7C3-4FA6609DFAE0}.Debug|Any CPU.ActiveCfg = Debug|Any CPU
		{F2E00F6B-7C41-46BC-A7C3-4FA6609DFAE0}.Debug|Any CPU.Build.0 = Debug|Any CPU
		{F2E00F6B-7C41-46BC-A7C3-4FA6609DFAE0}.Release|Any CPU.ActiveCfg = Release|Any CPU
		{F2E00F6B-7C41-46BC-A7C3-4FA6609DFAE0}.Release|Any CPU.Build.0 = Release|Any CPU
		{4417B186-AEFF-4349-A73E-19D3BE6A1728}.Debug|Any CPU.ActiveCfg = Debug|Any CPU
		{4417B186-AEFF-4349-A73E-19D3BE6A1728}.Debug|Any CPU.Build.0 = Debug|Any CPU
		{4417B186-AEFF-4349-A73E-19D3BE6A1728}.Release|Any CPU.ActiveCfg = Release|Any CPU
		{4417B186-AEFF-4349-A73E-19D3BE6A1728}.Release|Any CPU.Build.0 = Release|Any CPU
		{80AB1461-CB93-4050-A8F5-1684767452C7}.Debug|Any CPU.ActiveCfg = Debug|Any CPU
		{80AB1461-CB93-4050-A8F5-1684767452C7}.Debug|Any CPU.Build.0 = Debug|Any CPU
		{80AB1461-CB93-4050-A8F5-1684767452C7}.Release|Any CPU.ActiveCfg = Release|Any CPU
		{80AB1461-CB93-4050-A8F5-1684767452C7}.Release|Any CPU.Build.0 = Release|Any CPU
		{2B71348E-82C6-4AEA-AD14-BCE417982ECE}.Debug|Any CPU.ActiveCfg = Debug|Any CPU
		{2B71348E-82C6-4AEA-AD14-BCE417982ECE}.Debug|Any CPU.Build.0 = Debug|Any CPU
		{2B71348E-82C6-4AEA-AD14-BCE417982ECE}.Release|Any CPU.ActiveCfg = Release|Any CPU
		{2B71348E-82C6-4AEA-AD14-BCE417982ECE}.Release|Any CPU.Build.0 = Release|Any CPU
		{316B7091-45A9-4A0E-9041-A4A2D095AF61}.Debug|Any CPU.ActiveCfg = Debug|Any CPU
		{316B7091-45A9-4A0E-9041-A4A2D095AF61}.Debug|Any CPU.Build.0 = Debug|Any CPU
		{316B7091-45A9-4A0E-9041-A4A2D095AF61}.Release|Any CPU.ActiveCfg = Release|Any CPU
		{316B7091-45A9-4A0E-9041-A4A2D095AF61}.Release|Any CPU.Build.0 = Release|Any CPU
		{688A0E2A-1140-4C51-BAEB-B5E43AA20213}.Debug|Any CPU.ActiveCfg = Debug|Any CPU
		{688A0E2A-1140-4C51-BAEB-B5E43AA20213}.Debug|Any CPU.Build.0 = Debug|Any CPU
		{688A0E2A-1140-4C51-BAEB-B5E43AA20213}.Release|Any CPU.ActiveCfg = Release|Any CPU
		{688A0E2A-1140-4C51-BAEB-B5E43AA20213}.Release|Any CPU.Build.0 = Release|Any CPU
		{8EA84416-CD7E-4E2B-AF04-9A6E227BAF37}.Debug|Any CPU.ActiveCfg = Debug|Any CPU
		{8EA84416-CD7E-4E2B-AF04-9A6E227BAF37}.Debug|Any CPU.Build.0 = Debug|Any CPU
		{8EA84416-CD7E-4E2B-AF04-9A6E227BAF37}.Release|Any CPU.ActiveCfg = Release|Any CPU
		{8EA84416-CD7E-4E2B-AF04-9A6E227BAF37}.Release|Any CPU.Build.0 = Release|Any CPU
		{1F34B1E9-E0B6-4E25-9E87-CDAD9CE7C550}.Debug|Any CPU.ActiveCfg = Debug|Any CPU
		{1F34B1E9-E0B6-4E25-9E87-CDAD9CE7C550}.Debug|Any CPU.Build.0 = Debug|Any CPU
		{1F34B1E9-E0B6-4E25-9E87-CDAD9CE7C550}.Release|Any CPU.ActiveCfg = Release|Any CPU
		{1F34B1E9-E0B6-4E25-9E87-CDAD9CE7C550}.Release|Any CPU.Build.0 = Release|Any CPU
		{BF00409A-00DA-4C0E-9AFE-E725BFAE5FAD}.Debug|Any CPU.ActiveCfg = Debug|Any CPU
		{BF00409A-00DA-4C0E-9AFE-E725BFAE5FAD}.Debug|Any CPU.Build.0 = Debug|Any CPU
		{BF00409A-00DA-4C0E-9AFE-E725BFAE5FAD}.Release|Any CPU.ActiveCfg = Release|Any CPU
		{BF00409A-00DA-4C0E-9AFE-E725BFAE5FAD}.Release|Any CPU.Build.0 = Release|Any CPU
		{57FC2F34-E4EF-405D-8430-6CF289B116E8}.Debug|Any CPU.ActiveCfg = Debug|Any CPU
		{57FC2F34-E4EF-405D-8430-6CF289B116E8}.Debug|Any CPU.Build.0 = Debug|Any CPU
		{57FC2F34-E4EF-405D-8430-6CF289B116E8}.Release|Any CPU.ActiveCfg = Release|Any CPU
		{57FC2F34-E4EF-405D-8430-6CF289B116E8}.Release|Any CPU.Build.0 = Release|Any CPU
		{3AC23B90-E5D0-4A12-9803-89840C75C303}.Debug|Any CPU.ActiveCfg = Debug|Any CPU
		{3AC23B90-E5D0-4A12-9803-89840C75C303}.Debug|Any CPU.Build.0 = Debug|Any CPU
		{3AC23B90-E5D0-4A12-9803-89840C75C303}.Release|Any CPU.ActiveCfg = Release|Any CPU
		{3AC23B90-E5D0-4A12-9803-89840C75C303}.Release|Any CPU.Build.0 = Release|Any CPU
		{92B9BF6F-731B-4981-9A7B-5D77016DC7F5}.Debug|Any CPU.ActiveCfg = Debug|Any CPU
		{92B9BF6F-731B-4981-9A7B-5D77016DC7F5}.Debug|Any CPU.Build.0 = Debug|Any CPU
		{92B9BF6F-731B-4981-9A7B-5D77016DC7F5}.Release|Any CPU.ActiveCfg = Release|Any CPU
		{92B9BF6F-731B-4981-9A7B-5D77016DC7F5}.Release|Any CPU.Build.0 = Release|Any CPU
		{C12C2A49-32D6-4D7E-8A1C-DD7D84986954}.Debug|Any CPU.ActiveCfg = Debug|Any CPU
		{C12C2A49-32D6-4D7E-8A1C-DD7D84986954}.Debug|Any CPU.Build.0 = Debug|Any CPU
		{C12C2A49-32D6-4D7E-8A1C-DD7D84986954}.Release|Any CPU.ActiveCfg = Release|Any CPU
		{C12C2A49-32D6-4D7E-8A1C-DD7D84986954}.Release|Any CPU.Build.0 = Release|Any CPU
	EndGlobalSection
	GlobalSection(SolutionProperties) = preSolution
		HideSolutionNode = FALSE
	EndGlobalSection
	GlobalSection(ExtensibilityGlobals) = postSolution
		SolutionGuid = {647110B7-4F9D-426A-ACEA-203C44D29CDA}
	EndGlobalSection
EndGlobal
